// !$*UTF8*$!
{
	archiveVersion = 1;
	classes = {
	};
	objectVersion = 46;
	objects = {

/* Begin PBXBuildFile section */
		11524D261EFAF25C00EAE775 /* AppDelegate.swift in Sources */ = {isa = PBXBuildFile; fileRef = 11524D251EFAF25C00EAE775 /* AppDelegate.swift */; };
		11524D2D1EFAF25C00EAE775 /* Assets.xcassets in Resources */ = {isa = PBXBuildFile; fileRef = 11524D2C1EFAF25C00EAE775 /* Assets.xcassets */; };
		11524D301EFAF25C00EAE775 /* LaunchScreen.storyboard in Resources */ = {isa = PBXBuildFile; fileRef = 11524D2E1EFAF25C00EAE775 /* LaunchScreen.storyboard */; };
		11C6F01A1EFEFA160041A0DC /* NetworkOptionsViewController.swift in Sources */ = {isa = PBXBuildFile; fileRef = 11C6F0181EFEFA160041A0DC /* NetworkOptionsViewController.swift */; };
		11C6F01B1EFEFA160041A0DC /* NetworkOptionsViewController.xib in Resources */ = {isa = PBXBuildFile; fileRef = 11C6F0191EFEFA160041A0DC /* NetworkOptionsViewController.xib */; };
		11C6F01E1EFEFE1F0041A0DC /* LeftMainAreaMenu.swift in Sources */ = {isa = PBXBuildFile; fileRef = 11C6F01D1EFEFE1F0041A0DC /* LeftMainAreaMenu.swift */; };
		11C6F0211EFF03C20041A0DC /* PETableViewCell.swift in Sources */ = {isa = PBXBuildFile; fileRef = 11C6F0201EFF03C20041A0DC /* PETableViewCell.swift */; };
		11C6F0231EFF04860041A0DC /* LeftMainAreaMenuCell.swift in Sources */ = {isa = PBXBuildFile; fileRef = 11C6F0221EFF04860041A0DC /* LeftMainAreaMenuCell.swift */; };
		11C6F0251EFF0F110041A0DC /* LeftMainAreaMenuCell.xib in Resources */ = {isa = PBXBuildFile; fileRef = 11C6F0241EFF0F110041A0DC /* LeftMainAreaMenuCell.xib */; };
		C7D2A37D1EFD31F900414232 /* LoginViewController.swift in Sources */ = {isa = PBXBuildFile; fileRef = C7D2A37B1EFD31F900414232 /* LoginViewController.swift */; };
		C7D2A37E1EFD31F900414232 /* LoginViewController.xib in Resources */ = {isa = PBXBuildFile; fileRef = C7D2A37C1EFD31F900414232 /* LoginViewController.xib */; };
		C7D2A3811EFD345500414232 /* MainAreaViewController.swift in Sources */ = {isa = PBXBuildFile; fileRef = C7D2A37F1EFD345500414232 /* MainAreaViewController.swift */; };
		C7D2A3821EFD345500414232 /* MainAreaViewController.xib in Resources */ = {isa = PBXBuildFile; fileRef = C7D2A3801EFD345500414232 /* MainAreaViewController.xib */; };
		C7D2A3841EFD37F600414232 /* Router.swift in Sources */ = {isa = PBXBuildFile; fileRef = C7D2A3831EFD37F600414232 /* Router.swift */; };
		C7D2A38A1EFD6EC900414232 /* Configuration.swift in Sources */ = {isa = PBXBuildFile; fileRef = C7D2A3891EFD6EC900414232 /* Configuration.swift */; };
		C7D2A3931EFD74C100414232 /* PECollectionViewCell.swift in Sources */ = {isa = PBXBuildFile; fileRef = C7D2A38F1EFD74C100414232 /* PECollectionViewCell.swift */; };
		C7D2A3941EFD74C100414232 /* PENavigationController.swift in Sources */ = {isa = PBXBuildFile; fileRef = C7D2A3901EFD74C100414232 /* PENavigationController.swift */; };
		C7D2A3951EFD74C100414232 /* PESplitViewController.swift in Sources */ = {isa = PBXBuildFile; fileRef = C7D2A3911EFD74C100414232 /* PESplitViewController.swift */; };
		C7D2A3961EFD74C100414232 /* PEViewController.swift in Sources */ = {isa = PBXBuildFile; fileRef = C7D2A3921EFD74C100414232 /* PEViewController.swift */; };
		C7D2A3981EFD74FF00414232 /* NSObject+Utilities.swift in Sources */ = {isa = PBXBuildFile; fileRef = C7D2A3971EFD74FF00414232 /* NSObject+Utilities.swift */; };
		C7D2A39B1EFD765000414232 /* TopMainAreaMenu.swift in Sources */ = {isa = PBXBuildFile; fileRef = C7D2A39A1EFD765000414232 /* TopMainAreaMenu.swift */; };
		C7D2A3A01EFD76B100414232 /* TopMainAreaMenuCell.swift in Sources */ = {isa = PBXBuildFile; fileRef = C7D2A39F1EFD76B100414232 /* TopMainAreaMenuCell.swift */; };
		C7D2A3A21EFD76C800414232 /* TopMainAreaMenuCell.xib in Resources */ = {isa = PBXBuildFile; fileRef = C7D2A3A11EFD76C800414232 /* TopMainAreaMenuCell.xib */; };
/* End PBXBuildFile section */

/* Begin PBXFileReference section */
		11524D221EFAF25C00EAE775 /* PEUI.app */ = {isa = PBXFileReference; explicitFileType = wrapper.application; includeInIndex = 0; path = PEUI.app; sourceTree = BUILT_PRODUCTS_DIR; };
		11524D251EFAF25C00EAE775 /* AppDelegate.swift */ = {isa = PBXFileReference; lastKnownFileType = sourcecode.swift; path = AppDelegate.swift; sourceTree = "<group>"; };
		11524D2C1EFAF25C00EAE775 /* Assets.xcassets */ = {isa = PBXFileReference; lastKnownFileType = folder.assetcatalog; path = Assets.xcassets; sourceTree = "<group>"; };
		11524D2F1EFAF25C00EAE775 /* Base */ = {isa = PBXFileReference; lastKnownFileType = file.storyboard; name = Base; path = Base.lproj/LaunchScreen.storyboard; sourceTree = "<group>"; };
		11524D311EFAF25C00EAE775 /* Info.plist */ = {isa = PBXFileReference; lastKnownFileType = text.plist.xml; path = Info.plist; sourceTree = "<group>"; };
		11C6F0181EFEFA160041A0DC /* NetworkOptionsViewController.swift */ = {isa = PBXFileReference; fileEncoding = 4; lastKnownFileType = sourcecode.swift; path = NetworkOptionsViewController.swift; sourceTree = "<group>"; };
		11C6F0191EFEFA160041A0DC /* NetworkOptionsViewController.xib */ = {isa = PBXFileReference; fileEncoding = 4; lastKnownFileType = file.xib; path = NetworkOptionsViewController.xib; sourceTree = "<group>"; };
		11C6F01D1EFEFE1F0041A0DC /* LeftMainAreaMenu.swift */ = {isa = PBXFileReference; fileEncoding = 4; lastKnownFileType = sourcecode.swift; path = LeftMainAreaMenu.swift; sourceTree = "<group>"; };
		11C6F0201EFF03C20041A0DC /* PETableViewCell.swift */ = {isa = PBXFileReference; fileEncoding = 4; lastKnownFileType = sourcecode.swift; path = PETableViewCell.swift; sourceTree = "<group>"; };
		11C6F0221EFF04860041A0DC /* LeftMainAreaMenuCell.swift */ = {isa = PBXFileReference; fileEncoding = 4; lastKnownFileType = sourcecode.swift; path = LeftMainAreaMenuCell.swift; sourceTree = "<group>"; };
		11C6F0241EFF0F110041A0DC /* LeftMainAreaMenuCell.xib */ = {isa = PBXFileReference; fileEncoding = 4; lastKnownFileType = file.xib; path = LeftMainAreaMenuCell.xib; sourceTree = "<group>"; };
		C7D2A37B1EFD31F900414232 /* LoginViewController.swift */ = {isa = PBXFileReference; fileEncoding = 4; lastKnownFileType = sourcecode.swift; path = LoginViewController.swift; sourceTree = "<group>"; };
		C7D2A37C1EFD31F900414232 /* LoginViewController.xib */ = {isa = PBXFileReference; fileEncoding = 4; lastKnownFileType = file.xib; path = LoginViewController.xib; sourceTree = "<group>"; };
		C7D2A37F1EFD345500414232 /* MainAreaViewController.swift */ = {isa = PBXFileReference; fileEncoding = 4; lastKnownFileType = sourcecode.swift; path = MainAreaViewController.swift; sourceTree = "<group>"; };
		C7D2A3801EFD345500414232 /* MainAreaViewController.xib */ = {isa = PBXFileReference; fileEncoding = 4; lastKnownFileType = file.xib; path = MainAreaViewController.xib; sourceTree = "<group>"; };
		C7D2A3831EFD37F600414232 /* Router.swift */ = {isa = PBXFileReference; fileEncoding = 4; lastKnownFileType = sourcecode.swift; path = Router.swift; sourceTree = "<group>"; };
		C7D2A3891EFD6EC900414232 /* Configuration.swift */ = {isa = PBXFileReference; fileEncoding = 4; lastKnownFileType = sourcecode.swift; path = Configuration.swift; sourceTree = "<group>"; };
		C7D2A38F1EFD74C100414232 /* PECollectionViewCell.swift */ = {isa = PBXFileReference; fileEncoding = 4; lastKnownFileType = sourcecode.swift; path = PECollectionViewCell.swift; sourceTree = "<group>"; };
		C7D2A3901EFD74C100414232 /* PENavigationController.swift */ = {isa = PBXFileReference; fileEncoding = 4; lastKnownFileType = sourcecode.swift; path = PENavigationController.swift; sourceTree = "<group>"; };
		C7D2A3911EFD74C100414232 /* PESplitViewController.swift */ = {isa = PBXFileReference; fileEncoding = 4; lastKnownFileType = sourcecode.swift; path = PESplitViewController.swift; sourceTree = "<group>"; };
		C7D2A3921EFD74C100414232 /* PEViewController.swift */ = {isa = PBXFileReference; fileEncoding = 4; lastKnownFileType = sourcecode.swift; path = PEViewController.swift; sourceTree = "<group>"; };
		C7D2A3971EFD74FF00414232 /* NSObject+Utilities.swift */ = {isa = PBXFileReference; fileEncoding = 4; lastKnownFileType = sourcecode.swift; path = "NSObject+Utilities.swift"; sourceTree = "<group>"; };
		C7D2A39A1EFD765000414232 /* TopMainAreaMenu.swift */ = {isa = PBXFileReference; fileEncoding = 4; lastKnownFileType = sourcecode.swift; path = TopMainAreaMenu.swift; sourceTree = "<group>"; };
		C7D2A39F1EFD76B100414232 /* TopMainAreaMenuCell.swift */ = {isa = PBXFileReference; fileEncoding = 4; lastKnownFileType = sourcecode.swift; path = TopMainAreaMenuCell.swift; sourceTree = "<group>"; };
		C7D2A3A11EFD76C800414232 /* TopMainAreaMenuCell.xib */ = {isa = PBXFileReference; fileEncoding = 4; lastKnownFileType = file.xib; path = TopMainAreaMenuCell.xib; sourceTree = "<group>"; };
/* End PBXFileReference section */

/* Begin PBXFrameworksBuildPhase section */
		11524D1F1EFAF25C00EAE775 /* Frameworks */ = {
			isa = PBXFrameworksBuildPhase;
			buildActionMask = 2147483647;
			files = (
			);
			runOnlyForDeploymentPostprocessing = 0;
		};
/* End PBXFrameworksBuildPhase section */

/* Begin PBXGroup section */
		11524D191EFAF25C00EAE775 = {
			isa = PBXGroup;
			children = (
				11524D241EFAF25C00EAE775 /* PEUI */,
				11524D231EFAF25C00EAE775 /* Products */,
			);
			sourceTree = "<group>";
		};
		11524D231EFAF25C00EAE775 /* Products */ = {
			isa = PBXGroup;
			children = (
				11524D221EFAF25C00EAE775 /* PEUI.app */,
			);
			name = Products;
			sourceTree = "<group>";
		};
		11524D241EFAF25C00EAE775 /* PEUI */ = {
			isa = PBXGroup;
			children = (
				C7D2A3711EFD308800414232 /* Common */,
				C7D2A3701EFD306400414232 /* Router */,
				C7D2A3781EFD318700414232 /* ViewControllers */,
				11524D251EFAF25C00EAE775 /* AppDelegate.swift */,
				11524D2C1EFAF25C00EAE775 /* Assets.xcassets */,
				11524D2E1EFAF25C00EAE775 /* LaunchScreen.storyboard */,
				11524D311EFAF25C00EAE775 /* Info.plist */,
			);
			path = PEUI;
			sourceTree = "<group>";
		};
		11C6F0171EFEF9F50041A0DC /* NetworkOptionsViewController */ = {
			isa = PBXGroup;
			children = (
				11C6F0181EFEFA160041A0DC /* NetworkOptionsViewController.swift */,
				11C6F0191EFEFA160041A0DC /* NetworkOptionsViewController.xib */,
			);
			path = NetworkOptionsViewController;
			sourceTree = "<group>";
		};
		11C6F01C1EFEFDE50041A0DC /* LeftMainAreaMenu */ = {
			isa = PBXGroup;
			children = (
				11C6F01F1EFEFF800041A0DC /* LeftMainAreaMenuCell */,
				11C6F01D1EFEFE1F0041A0DC /* LeftMainAreaMenu.swift */,
			);
			path = LeftMainAreaMenu;
			sourceTree = "<group>";
		};
		11C6F01F1EFEFF800041A0DC /* LeftMainAreaMenuCell */ = {
			isa = PBXGroup;
			children = (
				11C6F0221EFF04860041A0DC /* LeftMainAreaMenuCell.swift */,
				11C6F0241EFF0F110041A0DC /* LeftMainAreaMenuCell.xib */,
			);
			path = LeftMainAreaMenuCell;
			sourceTree = "<group>";
		};
		C7D2A3701EFD306400414232 /* Router */ = {
			isa = PBXGroup;
			children = (
				C7D2A3831EFD37F600414232 /* Router.swift */,
			);
			path = Router;
			sourceTree = "<group>";
		};
		C7D2A3711EFD308800414232 /* Common */ = {
			isa = PBXGroup;
			children = (
				C7D2A38D1EFD74C100414232 /* Extensions */,
				C7D2A38E1EFD74C100414232 /* UI */,
			);
			path = Common;
			sourceTree = "<group>";
		};
		C7D2A3781EFD318700414232 /* ViewControllers */ = {
			isa = PBXGroup;
			children = (
				11C6F0171EFEF9F50041A0DC /* NetworkOptionsViewController */,
				C7D2A3791EFD31E100414232 /* LoginViewController */,
				C7D2A37A1EFD31E100414232 /* MainAreaViewController */,
			);
			path = ViewControllers;
			sourceTree = "<group>";
		};
		C7D2A3791EFD31E100414232 /* LoginViewController */ = {
			isa = PBXGroup;
			children = (
				C7D2A37B1EFD31F900414232 /* LoginViewController.swift */,
				C7D2A37C1EFD31F900414232 /* LoginViewController.xib */,
			);
			path = LoginViewController;
			sourceTree = "<group>";
		};
		C7D2A37A1EFD31E100414232 /* MainAreaViewController */ = {
			isa = PBXGroup;
			children = (
				C7D2A3881EFD6EAE00414232 /* Configuration */,
				C7D2A3851EFD601D00414232 /* Views */,
				C7D2A37F1EFD345500414232 /* MainAreaViewController.swift */,
				C7D2A3801EFD345500414232 /* MainAreaViewController.xib */,
			);
			path = MainAreaViewController;
			sourceTree = "<group>";
		};
		C7D2A3851EFD601D00414232 /* Views */ = {
			isa = PBXGroup;
			children = (
				C7D2A3991EFD765000414232 /* TopMainAreaMenu */,
				11C6F01C1EFEFDE50041A0DC /* LeftMainAreaMenu */,
			);
			path = Views;
			sourceTree = "<group>";
		};
		C7D2A3881EFD6EAE00414232 /* Configuration */ = {
			isa = PBXGroup;
			children = (
				C7D2A3891EFD6EC900414232 /* Configuration.swift */,
			);
			path = Configuration;
			sourceTree = "<group>";
		};
		C7D2A38D1EFD74C100414232 /* Extensions */ = {
			isa = PBXGroup;
			children = (
				C7D2A3971EFD74FF00414232 /* NSObject+Utilities.swift */,
			);
			path = Extensions;
			sourceTree = "<group>";
		};
		C7D2A38E1EFD74C100414232 /* UI */ = {
			isa = PBXGroup;
			children = (
				C7D2A38F1EFD74C100414232 /* PECollectionViewCell.swift */,
				11C6F0201EFF03C20041A0DC /* PETableViewCell.swift */,
				C7D2A3901EFD74C100414232 /* PENavigationController.swift */,
				C7D2A3911EFD74C100414232 /* PESplitViewController.swift */,
				C7D2A3921EFD74C100414232 /* PEViewController.swift */,
			);
			path = UI;
			sourceTree = "<group>";
		};
		C7D2A3991EFD765000414232 /* TopMainAreaMenu */ = {
			isa = PBXGroup;
			children = (
				C7D2A39E1EFD76B100414232 /* TopMainAreaMenuCell */,
				C7D2A39A1EFD765000414232 /* TopMainAreaMenu.swift */,
			);
			path = TopMainAreaMenu;
			sourceTree = "<group>";
		};
		C7D2A39E1EFD76B100414232 /* TopMainAreaMenuCell */ = {
			isa = PBXGroup;
			children = (
				C7D2A39F1EFD76B100414232 /* TopMainAreaMenuCell.swift */,
				C7D2A3A11EFD76C800414232 /* TopMainAreaMenuCell.xib */,
			);
			path = TopMainAreaMenuCell;
			sourceTree = "<group>";
		};
/* End PBXGroup section */

/* Begin PBXNativeTarget section */
		11524D211EFAF25C00EAE775 /* PEUI */ = {
			isa = PBXNativeTarget;
			buildConfigurationList = 11524D341EFAF25C00EAE775 /* Build configuration list for PBXNativeTarget "PEUI" */;
			buildPhases = (
				11524D1E1EFAF25C00EAE775 /* Sources */,
				11524D1F1EFAF25C00EAE775 /* Frameworks */,
				11524D201EFAF25C00EAE775 /* Resources */,
			);
			buildRules = (
			);
			dependencies = (
			);
			name = PEUI;
			productName = PEUI;
			productReference = 11524D221EFAF25C00EAE775 /* PEUI.app */;
			productType = "com.apple.product-type.application";
		};
/* End PBXNativeTarget section */

/* Begin PBXProject section */
		11524D1A1EFAF25C00EAE775 /* Project object */ = {
			isa = PBXProject;
			attributes = {
				LastSwiftUpdateCheck = 0830;
				LastUpgradeCheck = 0830;
				ORGANIZATIONNAME = "Alexander Snegursky";
				TargetAttributes = {
					11524D211EFAF25C00EAE775 = {
						CreatedOnToolsVersion = 8.3.3;
						ProvisioningStyle = Automatic;
					};
				};
			};
			buildConfigurationList = 11524D1D1EFAF25C00EAE775 /* Build configuration list for PBXProject "PEUI" */;
			compatibilityVersion = "Xcode 3.2";
			developmentRegion = English;
			hasScannedForEncodings = 0;
			knownRegions = (
				en,
				Base,
			);
			mainGroup = 11524D191EFAF25C00EAE775;
			productRefGroup = 11524D231EFAF25C00EAE775 /* Products */;
			projectDirPath = "";
			projectRoot = "";
			targets = (
				11524D211EFAF25C00EAE775 /* PEUI */,
			);
		};
/* End PBXProject section */

/* Begin PBXResourcesBuildPhase section */
		11524D201EFAF25C00EAE775 /* Resources */ = {
			isa = PBXResourcesBuildPhase;
			buildActionMask = 2147483647;
			files = (
				C7D2A3821EFD345500414232 /* MainAreaViewController.xib in Resources */,
				C7D2A37E1EFD31F900414232 /* LoginViewController.xib in Resources */,
				11C6F0251EFF0F110041A0DC /* LeftMainAreaMenuCell.xib in Resources */,
				11524D301EFAF25C00EAE775 /* LaunchScreen.storyboard in Resources */,
				11524D2D1EFAF25C00EAE775 /* Assets.xcassets in Resources */,
				11C6F01B1EFEFA160041A0DC /* NetworkOptionsViewController.xib in Resources */,
				C7D2A3A21EFD76C800414232 /* TopMainAreaMenuCell.xib in Resources */,
			);
			runOnlyForDeploymentPostprocessing = 0;
		};
/* End PBXResourcesBuildPhase section */

/* Begin PBXSourcesBuildPhase section */
		11524D1E1EFAF25C00EAE775 /* Sources */ = {
			isa = PBXSourcesBuildPhase;
			buildActionMask = 2147483647;
			files = (
				C7D2A3A01EFD76B100414232 /* TopMainAreaMenuCell.swift in Sources */,
				C7D2A3841EFD37F600414232 /* Router.swift in Sources */,
				11C6F0211EFF03C20041A0DC /* PETableViewCell.swift in Sources */,
				11C6F0231EFF04860041A0DC /* LeftMainAreaMenuCell.swift in Sources */,
				C7D2A3811EFD345500414232 /* MainAreaViewController.swift in Sources */,
				C7D2A39B1EFD765000414232 /* TopMainAreaMenu.swift in Sources */,
				C7D2A37D1EFD31F900414232 /* LoginViewController.swift in Sources */,
				C7D2A3941EFD74C100414232 /* PENavigationController.swift in Sources */,
				C7D2A38A1EFD6EC900414232 /* Configuration.swift in Sources */,
				C7D2A3961EFD74C100414232 /* PEViewController.swift in Sources */,
				C7D2A3981EFD74FF00414232 /* NSObject+Utilities.swift in Sources */,
				11C6F01E1EFEFE1F0041A0DC /* LeftMainAreaMenu.swift in Sources */,
				C7D2A3951EFD74C100414232 /* PESplitViewController.swift in Sources */,
				C7D2A3931EFD74C100414232 /* PECollectionViewCell.swift in Sources */,
				11524D261EFAF25C00EAE775 /* AppDelegate.swift in Sources */,
				11C6F01A1EFEFA160041A0DC /* NetworkOptionsViewController.swift in Sources */,
			);
			runOnlyForDeploymentPostprocessing = 0;
		};
/* End PBXSourcesBuildPhase section */

/* Begin PBXVariantGroup section */
		11524D2E1EFAF25C00EAE775 /* LaunchScreen.storyboard */ = {
			isa = PBXVariantGroup;
			children = (
				11524D2F1EFAF25C00EAE775 /* Base */,
			);
			name = LaunchScreen.storyboard;
			sourceTree = "<group>";
		};
/* End PBXVariantGroup section */

/* Begin XCBuildConfiguration section */
		11524D321EFAF25C00EAE775 /* Debug */ = {
			isa = XCBuildConfiguration;
			buildSettings = {
				ALWAYS_SEARCH_USER_PATHS = NO;
				CLANG_ANALYZER_NONNULL = YES;
				CLANG_ANALYZER_NUMBER_OBJECT_CONVERSION = YES_AGGRESSIVE;
				CLANG_CXX_LANGUAGE_STANDARD = "gnu++0x";
				CLANG_CXX_LIBRARY = "libc++";
				CLANG_ENABLE_MODULES = YES;
				CLANG_ENABLE_OBJC_ARC = YES;
				CLANG_WARN_BOOL_CONVERSION = YES;
				CLANG_WARN_CONSTANT_CONVERSION = YES;
				CLANG_WARN_DIRECT_OBJC_ISA_USAGE = YES_ERROR;
				CLANG_WARN_DOCUMENTATION_COMMENTS = YES;
				CLANG_WARN_EMPTY_BODY = YES;
				CLANG_WARN_ENUM_CONVERSION = YES;
				CLANG_WARN_INFINITE_RECURSION = YES;
				CLANG_WARN_INT_CONVERSION = YES;
				CLANG_WARN_OBJC_ROOT_CLASS = YES_ERROR;
				CLANG_WARN_SUSPICIOUS_MOVE = YES;
				CLANG_WARN_UNREACHABLE_CODE = YES;
				CLANG_WARN__DUPLICATE_METHOD_MATCH = YES;
				"CODE_SIGN_IDENTITY[sdk=iphoneos*]" = "iPhone Developer";
				COPY_PHASE_STRIP = NO;
				DEBUG_INFORMATION_FORMAT = dwarf;
				ENABLE_STRICT_OBJC_MSGSEND = YES;
				ENABLE_TESTABILITY = YES;
				GCC_C_LANGUAGE_STANDARD = gnu99;
				GCC_DYNAMIC_NO_PIC = NO;
				GCC_NO_COMMON_BLOCKS = YES;
				GCC_OPTIMIZATION_LEVEL = 0;
				GCC_PREPROCESSOR_DEFINITIONS = (
					"DEBUG=1",
					"$(inherited)",
				);
				GCC_WARN_64_TO_32_BIT_CONVERSION = YES;
				GCC_WARN_ABOUT_RETURN_TYPE = YES_ERROR;
				GCC_WARN_UNDECLARED_SELECTOR = YES;
				GCC_WARN_UNINITIALIZED_AUTOS = YES_AGGRESSIVE;
				GCC_WARN_UNUSED_FUNCTION = YES;
				GCC_WARN_UNUSED_VARIABLE = YES;
				IPHONEOS_DEPLOYMENT_TARGET = 10.3;
				MTL_ENABLE_DEBUG_INFO = YES;
				ONLY_ACTIVE_ARCH = YES;
				SDKROOT = iphoneos;
				SWIFT_ACTIVE_COMPILATION_CONDITIONS = DEBUG;
				SWIFT_OPTIMIZATION_LEVEL = "-Onone";
				TARGETED_DEVICE_FAMILY = 2;
			};
			name = Debug;
		};
		11524D331EFAF25C00EAE775 /* Release */ = {
			isa = XCBuildConfiguration;
			buildSettings = {
				ALWAYS_SEARCH_USER_PATHS = NO;
				CLANG_ANALYZER_NONNULL = YES;
				CLANG_ANALYZER_NUMBER_OBJECT_CONVERSION = YES_AGGRESSIVE;
				CLANG_CXX_LANGUAGE_STANDARD = "gnu++0x";
				CLANG_CXX_LIBRARY = "libc++";
				CLANG_ENABLE_MODULES = YES;
				CLANG_ENABLE_OBJC_ARC = YES;
				CLANG_WARN_BOOL_CONVERSION = YES;
				CLANG_WARN_CONSTANT_CONVERSION = YES;
				CLANG_WARN_DIRECT_OBJC_ISA_USAGE = YES_ERROR;
				CLANG_WARN_DOCUMENTATION_COMMENTS = YES;
				CLANG_WARN_EMPTY_BODY = YES;
				CLANG_WARN_ENUM_CONVERSION = YES;
				CLANG_WARN_INFINITE_RECURSION = YES;
				CLANG_WARN_INT_CONVERSION = YES;
				CLANG_WARN_OBJC_ROOT_CLASS = YES_ERROR;
				CLANG_WARN_SUSPICIOUS_MOVE = YES;
				CLANG_WARN_UNREACHABLE_CODE = YES;
				CLANG_WARN__DUPLICATE_METHOD_MATCH = YES;
				"CODE_SIGN_IDENTITY[sdk=iphoneos*]" = "iPhone Developer";
				COPY_PHASE_STRIP = NO;
				DEBUG_INFORMATION_FORMAT = "dwarf-with-dsym";
				ENABLE_NS_ASSERTIONS = NO;
				ENABLE_STRICT_OBJC_MSGSEND = YES;
				GCC_C_LANGUAGE_STANDARD = gnu99;
				GCC_NO_COMMON_BLOCKS = YES;
				GCC_WARN_64_TO_32_BIT_CONVERSION = YES;
				GCC_WARN_ABOUT_RETURN_TYPE = YES_ERROR;
				GCC_WARN_UNDECLARED_SELECTOR = YES;
				GCC_WARN_UNINITIALIZED_AUTOS = YES_AGGRESSIVE;
				GCC_WARN_UNUSED_FUNCTION = YES;
				GCC_WARN_UNUSED_VARIABLE = YES;
				IPHONEOS_DEPLOYMENT_TARGET = 10.3;
				MTL_ENABLE_DEBUG_INFO = NO;
				SDKROOT = iphoneos;
				SWIFT_OPTIMIZATION_LEVEL = "-Owholemodule";
				TARGETED_DEVICE_FAMILY = 2;
				VALIDATE_PRODUCT = YES;
			};
			name = Release;
		};
		11524D351EFAF25C00EAE775 /* Debug */ = {
			isa = XCBuildConfiguration;
			buildSettings = {
				ASSETCATALOG_COMPILER_APPICON_NAME = AppIcon;
				INFOPLIST_FILE = PEUI/Info.plist;
				LD_RUNPATH_SEARCH_PATHS = "$(inherited) @executable_path/Frameworks";
				PRODUCT_BUNDLE_IDENTIFIER = pe.PEUI;
				PRODUCT_NAME = "$(TARGET_NAME)";
				SWIFT_VERSION = 3.0;
			};
			name = Debug;
		};
		11524D361EFAF25C00EAE775 /* Release */ = {
			isa = XCBuildConfiguration;
			buildSettings = {
				ASSETCATALOG_COMPILER_APPICON_NAME = AppIcon;
				INFOPLIST_FILE = PEUI/Info.plist;
				LD_RUNPATH_SEARCH_PATHS = "$(inherited) @executable_path/Frameworks";
				PRODUCT_BUNDLE_IDENTIFIER = pe.PEUI;
				PRODUCT_NAME = "$(TARGET_NAME)";
				SWIFT_VERSION = 3.0;
			};
			name = Release;
		};
/* End XCBuildConfiguration section */

/* Begin XCConfigurationList section */
		11524D1D1EFAF25C00EAE775 /* Build configuration list for PBXProject "PEUI" */ = {
			isa = XCConfigurationList;
			buildConfigurations = (
				11524D321EFAF25C00EAE775 /* Debug */,
				11524D331EFAF25C00EAE775 /* Release */,
			);
			defaultConfigurationIsVisible = 0;
			defaultConfigurationName = Release;
		};
		11524D341EFAF25C00EAE775 /* Build configuration list for PBXNativeTarget "PEUI" */ = {
			isa = XCConfigurationList;
			buildConfigurations = (
				11524D351EFAF25C00EAE775 /* Debug */,
				11524D361EFAF25C00EAE775 /* Release */,
			);
			defaultConfigurationIsVisible = 0;
			defaultConfigurationName = Release;
		};
/* End XCConfigurationList section */
	};
	rootObject = 11524D1A1EFAF25C00EAE775 /* Project object */;
}
